PODS:
  - AFNetworking (4.0.1):
    - AFNetworking/NSURLSession (= 4.0.1)
    - AFNetworking/Reachability (= 4.0.1)
    - AFNetworking/Security (= 4.0.1)
    - AFNetworking/Serialization (= 4.0.1)
    - AFNetworking/UIKit (= 4.0.1)
  - AFNetworking/NSURLSession (4.0.1):
    - AFNetworking/Reachability
    - AFNetworking/Security
    - AFNetworking/Serialization
  - AFNetworking/Reachability (4.0.1)
  - AFNetworking/Security (4.0.1)
  - AFNetworking/Serialization (4.0.1)
  - AFNetworking/UIKit (4.0.1):
    - AFNetworking/NSURLSession
  - FlutterGamesKit (1.0.3):
    - AFNetworking (~> 4.0.1)
    - FlutterGamesKit/Main (= 1.0.3)
  - FlutterGamesKit/Main (1.0.3):
    - AFNetworking (~> 4.0.1)

DEPENDENCIES:
  - FlutterGamesKit (from `../`)

SPEC REPOS:
  https://github.com/CocoaPods/Specs.git:
    - AFNetworking

EXTERNAL SOURCES:
  FlutterGamesKit:
    :path: "../"

SPEC CHECKSUMS:
  AFNetworking: 3bd23d814e976cd148d7d44c3ab78017b744cd58
  FlutterGamesKit: 398d2fc727f2ac4a13face6cba17eced7b100e69

PODFILE CHECKSUM: 9ea1999927442a712852953f50433e798f508b92

COCOAPODS: 1.14.3
